{
  "name": "makecabinet",
  "version": "1.0.0",
  "lockfileVersion": 1,
  "requires": true,
  "dependencies": {
    "@types/node": {
      "version": "12.6.8",
      "resolved": "https://registry.npmjs.org/@types/node/-/node-12.6.8.tgz",
      "integrity": "sha512-aX+gFgA5GHcDi89KG5keey2zf0WfZk/HAQotEamsK2kbey+8yGKcson0hbK8E+v0NArlCJQCqMP161YhV6ZXLg==",
      "dev": true
    },
    "@types/q": {
      "version": "1.5.2",
      "resolved": "https://registry.npmjs.org/@types/q/-/q-1.5.2.tgz",
      "integrity": "sha512-ce5d3q03Ex0sy4R14722Rmt6MT07Ua+k4FwDfdcToYJcMKNtRVQvJ6JCAPdAmAnbRb6CsX6aYb9m96NGod9uTw==",
      "dev": true
    }
  }
}
